
Microsoft Visual Studio Solution File, Format Version 12.00
# Visual Studio Version 17
VisualStudioVersion = 17.0.32014.148
MinimumVisualStudioVersion = 10.0.40219.1
Project("{FAE04EC0-301F-11D3-BF4B-00C04F79EFBC}") = "TestTask", "TestTask\TestTask.csproj", "{E96D9675-C4BA-48C9-B8FB-B7F909E406F7}"
EndProject
Global
	GlobalSection(SolutionConfigurationPlatforms) = preSolution
		Debug|Any CPU = Debug|Any CPU
		Release|Any CPU = Release|Any CPU
	EndGlobalSection
	GlobalSection(ProjectConfigurationPlatforms) = postSolution
		{E96D9675-C4BA-48C9-B8FB-B7F909E406F7}.Debug|Any CPU.ActiveCfg = Debug|Any CPU
		{E96D9675-C4BA-48C9-B8FB-B7F909E406F7}.Debug|Any CPU.Build.0 = Debug|Any CPU
		{E96D9675-C4BA-48C9-B8FB-B7F909E406F7}.Release|Any CPU.ActiveCfg = Release|Any CPU
		{E96D9675-C4BA-48C9-B8FB-B7F909E406F7}.Release|Any CPU.Build.0 = Release|Any CPU
	EndGlobalSection
	GlobalSection(SolutionProperties) = preSolution
		HideSolutionNode = FALSE
	EndGlobalSection
	GlobalSection(ExtensibilityGlobals) = postSolution
		SolutionGuid = {33B0722B-C3A6-43D5-8FB2-4FC3995F5539}
	EndGlobalSection
EndGlobal
